
Microsoft Visual Studio Solution File, Format Version 12.00
# Visual Studio Version 17
VisualStudioVersion = 17.8.34330.188
MinimumVisualStudioVersion = 10.0.40219.1
Project("{FAE04EC0-301F-11D3-BF4B-00C04F79EFBC}") = "SimpleMsgViewer", "SimpleMsgViewer\SimpleMsgViewer.csproj", "{FBB3AE3E-40D1-4DAA-976D-8D25E3E9433E}"
EndProject
Global
	GlobalSection(SolutionConfigurationPlatforms) = preSolution
		Debug|Any CPU = Debug|Any CPU
		Release|Any CPU = Release|Any CPU
	EndGlobalSection
	GlobalSection(ProjectConfigurationPlatforms) = postSolution
		{FBB3AE3E-40D1-4DAA-976D-8D25E3E9433E}.Debug|Any CPU.ActiveCfg = Debug|Any CPU
		{FBB3AE3E-40D1-4DAA-976D-8D25E3E9433E}.Debug|Any CPU.Build.0 = Debug|Any CPU
		{FBB3AE3E-40D1-4DAA-976D-8D25E3E9433E}.Release|Any CPU.ActiveCfg = Release|Any CPU
		{FBB3AE3E-40D1-4DAA-976D-8D25E3E9433E}.Release|Any CPU.Build.0 = Release|Any CPU
	EndGlobalSection
	GlobalSection(SolutionProperties) = preSolution
		HideSolutionNode = FALSE
	EndGlobalSection
	GlobalSection(ExtensibilityGlobals) = postSolution
		SolutionGuid = {5C81CDC7-203E-4C70-B210-3B5A4AFB4521}
	EndGlobalSection
EndGlobal
